{
  "requires": true,
  "lockfileVersion": 1,
  "dependencies": {
    "ascli": {
      "version": "1.0.1",
      "resolved": "https://registry.npmjs.org/ascli/-/ascli-1.0.1.tgz",
      "integrity": "sha1-vPpZdKYvGOgcq660lzKrSoj5Brw=",
      "requires": {
        "colour": "0.7.1",
        "optjs": "3.2.2"
      }
    },
    "bytebuffer": {
      "version": "2.3.2",
      "resolved": "https://registry.npmjs.org/bytebuffer/-/bytebuffer-2.3.2.tgz",
      "integrity": "sha1-QQRhI7Vrvoxr7GxlIkSqcWnyekQ=",
      "requires": {
        "long": "1.2.3"
      }
    },
    "colour": {
      "version": "0.7.1",
      "resolved": "https://registry.npmjs.org/colour/-/colour-0.7.1.tgz",
      "integrity": "sha1-nLFpkX7F0SwHNtPoaFdG3xyt93g="
    },
    "gtfs-realtime-bindings": {
      "version": "0.0.4",
      "resolved": "https://registry.npmjs.org/gtfs-realtime-bindings/-/gtfs-realtime-bindings-0.0.4.tgz",
      "integrity": "sha1-GEfd/Y6uuThbsIkIRq8ZmoGelKU=",
      "requires": {
        "protobufjs": "2.0.5"
      }
    },
    "long": {
      "version": "1.2.3",
      "resolved": "https://registry.npmjs.org/long/-/long-1.2.3.tgz",
      "integrity": "sha1-EX/i4rHEU9g+Mid2yNRwY5+qK38="
    },
    "optjs": {
      "version": "3.2.2",
      "resolved": "https://registry.npmjs.org/optjs/-/optjs-3.2.2.tgz",
      "integrity": "sha1-aabOicRCpEQDFBrS+bNwvVu29O4="
    },
    "protobufjs": {
      "version": "2.0.5",
      "resolved": "https://registry.npmjs.org/protobufjs/-/protobufjs-2.0.5.tgz",
      "integrity": "sha1-fzUReMlZszPSMnt3MyXKSyYnokI=",
      "requires": {
        "ascli": "1.0.1",
        "bytebuffer": "2.3.2"
      }
    }
  }
}
